PODS:
  - BigInt (3.1.0):
    - SipHash (~> 1.2)
  - CryptoSwift (0.11.0)
  - EthereumKitSwift (0.1.0):
    - BigInt (~> 3.1)
    - CryptoSwift (~> 0.11.0)
    - libscrypt (~> 1.21)
  - libscrypt (1.21)
  - Nimble (7.1.3)
  - SipHash (1.2.2)

DEPENDENCIES:
  - EthereumKitSwift (from `./`)
  - Nimble

SPEC REPOS:
  https://github.com/cocoapods/specs.git:
    - BigInt
    - CryptoSwift
    - libscrypt
    - Nimble
    - SipHash

EXTERNAL SOURCES:
  EthereumKitSwift:
    :path: "./"

SPEC CHECKSUMS:
  BigInt: 76b5dfdfa3e2e478d4ffdf161aeede5502e2742f
  CryptoSwift: ad5208dd2aae0a764ea4ce2c2d34bd067cae67f0
  EthereumKitSwift: 6bce3820f074289a9ef0579810ffb83d640baf47
  libscrypt: bc086c70477013b618f25655cd6dc80e45823a8e
  Nimble: 2839b01d1b31f6a6a7777a221f0d91cf52e8e27b
  SipHash: fad90a4683e420c52ef28063063dbbce248ea6d4

PODFILE CHECKSUM: ad9bcf671f5e3a86c0fe2231feea243950c120e3

COCOAPODS: 1.5.3
